// !$*UTF8*$!
{
	archiveVersion = 1;
	classes = {
	};
	objectVersion = 46;
	objects = {

/* Begin PBXBuildFile section */
		28D71AA21DACF12E0084B6E4 /* AppDelegate.swift in Sources */ = {isa = PBXBuildFile; fileRef = 28D71AA11DACF12E0084B6E4 /* AppDelegate.swift */; };
		28D71AA41DACF12E0084B6E4 /* ViewController.swift in Sources */ = {isa = PBXBuildFile; fileRef = 28D71AA31DACF12E0084B6E4 /* ViewController.swift */; };
		28D71AA71DACF12F0084B6E4 /* Main.storyboard in Resources */ = {isa = PBXBuildFile; fileRef = 28D71AA51DACF12F0084B6E4 /* Main.storyboard */; };
		28D71AAA1DACF12F0084B6E4 /* Halfway.xcdatamodeld in Sources */ = {isa = PBXBuildFile; fileRef = 28D71AA81DACF12F0084B6E4 /* Halfway.xcdatamodeld */; };
		28D71AAC1DACF12F0084B6E4 /* Assets.xcassets in Resources */ = {isa = PBXBuildFile; fileRef = 28D71AAB1DACF12F0084B6E4 /* Assets.xcassets */; };
		28D71AAF1DACF12F0084B6E4 /* LaunchScreen.storyboard in Resources */ = {isa = PBXBuildFile; fileRef = 28D71AAD1DACF12F0084B6E4 /* LaunchScreen.storyboard */; };
		28D71ABA1DACF12F0084B6E4 /* HalfwayTests.swift in Sources */ = {isa = PBXBuildFile; fileRef = 28D71AB91DACF12F0084B6E4 /* HalfwayTests.swift */; };
		28D71AC51DACF12F0084B6E4 /* HalfwayUITests.swift in Sources */ = {isa = PBXBuildFile; fileRef = 28D71AC41DACF12F0084B6E4 /* HalfwayUITests.swift */; };
/* End PBXBuildFile section */

/* Begin PBXContainerItemProxy section */
		28D71AB61DACF12F0084B6E4 /* PBXContainerItemProxy */ = {
			isa = PBXContainerItemProxy;
			containerPortal = 28D71A961DACF12D0084B6E4 /* Project object */;
			proxyType = 1;
			remoteGlobalIDString = 28D71A9D1DACF12D0084B6E4;
			remoteInfo = Halfway;
		};
		28D71AC11DACF12F0084B6E4 /* PBXContainerItemProxy */ = {
			isa = PBXContainerItemProxy;
			containerPortal = 28D71A961DACF12D0084B6E4 /* Project object */;
			proxyType = 1;
			remoteGlobalIDString = 28D71A9D1DACF12D0084B6E4;
			remoteInfo = Halfway;
		};
/* End PBXContainerItemProxy section */

/* Begin PBXFileReference section */
		28D71A9E1DACF12E0084B6E4 /* Halfway.app */ = {isa = PBXFileReference; explicitFileType = wrapper.application; includeInIndex = 0; path = Halfway.app; sourceTree = BUILT_PRODUCTS_DIR; };
		28D71AA11DACF12E0084B6E4 /* AppDelegate.swift */ = {isa = PBXFileReference; lastKnownFileType = sourcecode.swift; path = AppDelegate.swift; sourceTree = "<group>"; };
		28D71AA31DACF12E0084B6E4 /* ViewController.swift */ = {isa = PBXFileReference; lastKnownFileType = sourcecode.swift; path = ViewController.swift; sourceTree = "<group>"; };
		28D71AA61DACF12F0084B6E4 /* Base */ = {isa = PBXFileReference; lastKnownFileType = file.storyboard; name = Base; path = Base.lproj/Main.storyboard; sourceTree = "<group>"; };
		28D71AA91DACF12F0084B6E4 /* Halfway.xcdatamodel */ = {isa = PBXFileReference; lastKnownFileType = wrapper.xcdatamodel; path = Halfway.xcdatamodel; sourceTree = "<group>"; };
		28D71AAB1DACF12F0084B6E4 /* Assets.xcassets */ = {isa = PBXFileReference; lastKnownFileType = folder.assetcatalog; path = Assets.xcassets; sourceTree = "<group>"; };
		28D71AAE1DACF12F0084B6E4 /* Base */ = {isa = PBXFileReference; lastKnownFileType = file.storyboard; name = Base; path = Base.lproj/LaunchScreen.storyboard; sourceTree = "<group>"; };
		28D71AB01DACF12F0084B6E4 /* Info.plist */ = {isa = PBXFileReference; lastKnownFileType = text.plist.xml; path = Info.plist; sourceTree = "<group>"; };
		28D71AB51DACF12F0084B6E4 /* HalfwayTests.xctest */ = {isa = PBXFileReference; explicitFileType = wrapper.cfbundle; includeInIndex = 0; path = HalfwayTests.xctest; sourceTree = BUILT_PRODUCTS_DIR; };
		28D71AB91DACF12F0084B6E4 /* HalfwayTests.swift */ = {isa = PBXFileReference; lastKnownFileType = sourcecode.swift; path = HalfwayTests.swift; sourceTree = "<group>"; };
		28D71ABB1DACF12F0084B6E4 /* Info.plist */ = {isa = PBXFileReference; lastKnownFileType = text.plist.xml; path = Info.plist; sourceTree = "<group>"; };
		28D71AC01DACF12F0084B6E4 /* HalfwayUITests.xctest */ = {isa = PBXFileReference; explicitFileType = wrapper.cfbundle; includeInIndex = 0; path = HalfwayUITests.xctest; sourceTree = BUILT_PRODUCTS_DIR; };
		28D71AC41DACF12F0084B6E4 /* HalfwayUITests.swift */ = {isa = PBXFileReference; lastKnownFileType = sourcecode.swift; path = HalfwayUITests.swift; sourceTree = "<group>"; };
		28D71AC61DACF12F0084B6E4 /* Info.plist */ = {isa = PBXFileReference; lastKnownFileType = text.plist.xml; path = Info.plist; sourceTree = "<group>"; };
/* End PBXFileReference section */

/* Begin PBXFrameworksBuildPhase section */
		28D71A9B1DACF12D0084B6E4 /* Frameworks */ = {
			isa = PBXFrameworksBuildPhase;
			buildActionMask = 2147483647;
			files = (
			);
			runOnlyForDeploymentPostprocessing = 0;
		};
		28D71AB21DACF12F0084B6E4 /* Frameworks */ = {
			isa = PBXFrameworksBuildPhase;
			buildActionMask = 2147483647;
			files = (
			);
			runOnlyForDeploymentPostprocessing = 0;
		};
		28D71ABD1DACF12F0084B6E4 /* Frameworks */ = {
			isa = PBXFrameworksBuildPhase;
			buildActionMask = 2147483647;
			files = (
			);
			runOnlyForDeploymentPostprocessing = 0;
		};
/* End PBXFrameworksBuildPhase section */

/* Begin PBXGroup section */
		28D71A951DACF12D0084B6E4 = {
			isa = PBXGroup;
			children = (
				28D71AA01DACF12E0084B6E4 /* Halfway */,
				28D71AB81DACF12F0084B6E4 /* HalfwayTests */,
				28D71AC31DACF12F0084B6E4 /* HalfwayUITests */,
				28D71A9F1DACF12E0084B6E4 /* Products */,
			);
			sourceTree = "<group>";
		};
		28D71A9F1DACF12E0084B6E4 /* Products */ = {
			isa = PBXGroup;
			children = (
				28D71A9E1DACF12E0084B6E4 /* Halfway.app */,
				28D71AB51DACF12F0084B6E4 /* HalfwayTests.xctest */,
				28D71AC01DACF12F0084B6E4 /* HalfwayUITests.xctest */,
			);
			name = Products;
			sourceTree = "<group>";
		};
		28D71AA01DACF12E0084B6E4 /* Halfway */ = {
			isa = PBXGroup;
			children = (
				28D71AA11DACF12E0084B6E4 /* AppDelegate.swift */,
				28D71AA31DACF12E0084B6E4 /* ViewController.swift */,
				28D71AA51DACF12F0084B6E4 /* Main.storyboard */,
				28D71AAB1DACF12F0084B6E4 /* Assets.xcassets */,
				28D71AAD1DACF12F0084B6E4 /* LaunchScreen.storyboard */,
				28D71AB01DACF12F0084B6E4 /* Info.plist */,
				28D71AA81DACF12F0084B6E4 /* Halfway.xcdatamodeld */,
			);
			path = Halfway;
			sourceTree = "<group>";
		};
		28D71AB81DACF12F0084B6E4 /* HalfwayTests */ = {
			isa = PBXGroup;
			children = (
				28D71AB91DACF12F0084B6E4 /* HalfwayTests.swift */,
				28D71ABB1DACF12F0084B6E4 /* Info.plist */,
			);
			path = HalfwayTests;
			sourceTree = "<group>";
		};
		28D71AC31DACF12F0084B6E4 /* HalfwayUITests */ = {
			isa = PBXGroup;
			children = (
				28D71AC41DACF12F0084B6E4 /* HalfwayUITests.swift */,
				28D71AC61DACF12F0084B6E4 /* Info.plist */,
			);
			path = HalfwayUITests;
			sourceTree = "<group>";
		};
/* End PBXGroup section */

/* Begin PBXNativeTarget section */
		28D71A9D1DACF12D0084B6E4 /* Halfway */ = {
			isa = PBXNativeTarget;
			buildConfigurationList = 28D71AC91DACF12F0084B6E4 /* Build configuration list for PBXNativeTarget "Halfway" */;
			buildPhases = (
				28D71A9A1DACF12D0084B6E4 /* Sources */,
				28D71A9B1DACF12D0084B6E4 /* Frameworks */,
				28D71A9C1DACF12D0084B6E4 /* Resources */,
			);
			buildRules = (
			);
			dependencies = (
			);
			name = Halfway;
			productName = Halfway;
			productReference = 28D71A9E1DACF12E0084B6E4 /* Halfway.app */;
			productType = "com.apple.product-type.application";
		};
		28D71AB41DACF12F0084B6E4 /* HalfwayTests */ = {
			isa = PBXNativeTarget;
			buildConfigurationList = 28D71ACC1DACF12F0084B6E4 /* Build configuration list for PBXNativeTarget "HalfwayTests" */;
			buildPhases = (
				28D71AB11DACF12F0084B6E4 /* Sources */,
				28D71AB21DACF12F0084B6E4 /* Frameworks */,
				28D71AB31DACF12F0084B6E4 /* Resources */,
			);
			buildRules = (
			);
			dependencies = (
				28D71AB71DACF12F0084B6E4 /* PBXTargetDependency */,
			);
			name = HalfwayTests;
			productName = HalfwayTests;
			productReference = 28D71AB51DACF12F0084B6E4 /* HalfwayTests.xctest */;
			productType = "com.apple.product-type.bundle.unit-test";
		};
		28D71ABF1DACF12F0084B6E4 /* HalfwayUITests */ = {
			isa = PBXNativeTarget;
			buildConfigurationList = 28D71ACF1DACF12F0084B6E4 /* Build configuration list for PBXNativeTarget "HalfwayUITests" */;
			buildPhases = (
				28D71ABC1DACF12F0084B6E4 /* Sources */,
				28D71ABD1DACF12F0084B6E4 /* Frameworks */,
				28D71ABE1DACF12F0084B6E4 /* Resources */,
			);
			buildRules = (
			);
			dependencies = (
				28D71AC21DACF12F0084B6E4 /* PBXTargetDependency */,
			);
			name = HalfwayUITests;
			productName = HalfwayUITests;
			productReference = 28D71AC01DACF12F0084B6E4 /* HalfwayUITests.xctest */;
			productType = "com.apple.product-type.bundle.ui-testing";
		};
/* End PBXNativeTarget section */

/* Begin PBXProject section */
		28D71A961DACF12D0084B6E4 /* Project object */ = {
			isa = PBXProject;
			attributes = {
				LastSwiftUpdateCheck = 0800;
				LastUpgradeCheck = 0800;
				ORGANIZATIONNAME = "yuvraj singh";
				TargetAttributes = {
					28D71A9D1DACF12D0084B6E4 = {
						CreatedOnToolsVersion = 8.0;
						DevelopmentTeam = 22E3QU5W9V;
						ProvisioningStyle = Automatic;
					};
					28D71AB41DACF12F0084B6E4 = {
						CreatedOnToolsVersion = 8.0;
						DevelopmentTeam = 22E3QU5W9V;
						ProvisioningStyle = Automatic;
						TestTargetID = 28D71A9D1DACF12D0084B6E4;
					};
					28D71ABF1DACF12F0084B6E4 = {
						CreatedOnToolsVersion = 8.0;
						DevelopmentTeam = 22E3QU5W9V;
						ProvisioningStyle = Automatic;
						TestTargetID = 28D71A9D1DACF12D0084B6E4;
					};
				};
			};
			buildConfigurationList = 28D71A991DACF12D0084B6E4 /* Build configuration list for PBXProject "Halfway" */;
			compatibilityVersion = "Xcode 3.2";
			developmentRegion = English;
			hasScannedForEncodings = 0;
			knownRegions = (
				en,
				Base,
			);
			mainGroup = 28D71A951DACF12D0084B6E4;
			productRefGroup = 28D71A9F1DACF12E0084B6E4 /* Products */;
			projectDirPath = "";
			projectRoot = "";
			targets = (
				28D71A9D1DACF12D0084B6E4 /* Halfway */,
				28D71AB41DACF12F0084B6E4 /* HalfwayTests */,
				28D71ABF1DACF12F0084B6E4 /* HalfwayUITests */,
			);
		};
/* End PBXProject section */

/* Begin PBXResourcesBuildPhase section */
		28D71A9C1DACF12D0084B6E4 /* Resources */ = {
			isa = PBXResourcesBuildPhase;
			buildActionMask = 2147483647;
			files = (
				28D71AAF1DACF12F0084B6E4 /* LaunchScreen.storyboard in Resources */,
				28D71AAC1DACF12F0084B6E4 /* Assets.xcassets in Resources */,
				28D71AA71DACF12F0084B6E4 /* Main.storyboard in Resources */,
			);
			runOnlyForDeploymentPostprocessing = 0;
		};
		28D71AB31DACF12F0084B6E4 /* Resources */ = {
			isa = PBXResourcesBuildPhase;
			buildActionMask = 2147483647;
			files = (
			);
			runOnlyForDeploymentPostprocessing = 0;
		};
		28D71ABE1DACF12F0084B6E4 /* Resources */ = {
			isa = PBXResourcesBuildPhase;
			buildActionMask = 2147483647;
			files = (
			);
			runOnlyForDeploymentPostprocessing = 0;
		};
/* End PBXResourcesBuildPhase section */

/* Begin PBXSourcesBuildPhase section */
		28D71A9A1DACF12D0084B6E4 /* Sources */ = {
			isa = PBXSourcesBuildPhase;
			buildActionMask = 2147483647;
			files = (
				28D71AAA1DACF12F0084B6E4 /* Halfway.xcdatamodeld in Sources */,
				28D71AA41DACF12E0084B6E4 /* ViewController.swift in Sources */,
				28D71AA21DACF12E0084B6E4 /* AppDelegate.swift in Sources */,
			);
			runOnlyForDeploymentPostprocessing = 0;
		};
		28D71AB11DACF12F0084B6E4 /* Sources */ = {
			isa = PBXSourcesBuildPhase;
			buildActionMask = 2147483647;
			files = (
				28D71ABA1DACF12F0084B6E4 /* HalfwayTests.swift in Sources */,
			);
			runOnlyForDeploymentPostprocessing = 0;
		};
		28D71ABC1DACF12F0084B6E4 /* Sources */ = {
			isa = PBXSourcesBuildPhase;
			buildActionMask = 2147483647;
			files = (
				28D71AC51DACF12F0084B6E4 /* HalfwayUITests.swift in Sources */,
			);
			runOnlyForDeploymentPostprocessing = 0;
		};
/* End PBXSourcesBuildPhase section */

/* Begin PBXTargetDependency section */
		28D71AB71DACF12F0084B6E4 /* PBXTargetDependency */ = {
			isa = PBXTargetDependency;
			target = 28D71A9D1DACF12D0084B6E4 /* Halfway */;
			targetProxy = 28D71AB61DACF12F0084B6E4 /* PBXContainerItemProxy */;
		};
		28D71AC21DACF12F0084B6E4 /* PBXTargetDependency */ = {
			isa = PBXTargetDependency;
			target = 28D71A9D1DACF12D0084B6E4 /* Halfway */;
			targetProxy = 28D71AC11DACF12F0084B6E4 /* PBXContainerItemProxy */;
		};
/* End PBXTargetDependency section */

/* Begin PBXVariantGroup section */
		28D71AA51DACF12F0084B6E4 /* Main.storyboard */ = {
			isa = PBXVariantGroup;
			children = (
				28D71AA61DACF12F0084B6E4 /* Base */,
			);
			name = Main.storyboard;
			sourceTree = "<group>";
		};
		28D71AAD1DACF12F0084B6E4 /* LaunchScreen.storyboard */ = {
			isa = PBXVariantGroup;
			children = (
				28D71AAE1DACF12F0084B6E4 /* Base */,
			);
			name = LaunchScreen.storyboard;
			sourceTree = "<group>";
		};
/* End PBXVariantGroup section */

/* Begin XCBuildConfiguration section */
		28D71AC71DACF12F0084B6E4 /* Debug */ = {
			isa = XCBuildConfiguration;
			buildSettings = {
				ALWAYS_SEARCH_USER_PATHS = NO;
				CLANG_ANALYZER_NONNULL = YES;
				CLANG_CXX_LANGUAGE_STANDARD = "gnu++0x";
				CLANG_CXX_LIBRARY = "libc++";
				CLANG_ENABLE_MODULES = YES;
				CLANG_ENABLE_OBJC_ARC = YES;
				CLANG_WARN_BOOL_CONVERSION = YES;
				CLANG_WARN_CONSTANT_CONVERSION = YES;
				CLANG_WARN_DIRECT_OBJC_ISA_USAGE = YES_ERROR;
				CLANG_WARN_DOCUMENTATION_COMMENTS = YES;
				CLANG_WARN_EMPTY_BODY = YES;
				CLANG_WARN_ENUM_CONVERSION = YES;
				CLANG_WARN_INFINITE_RECURSION = YES;
				CLANG_WARN_INT_CONVERSION = YES;
				CLANG_WARN_OBJC_ROOT_CLASS = YES_ERROR;
				CLANG_WARN_SUSPICIOUS_MOVES = YES;
				CLANG_WARN_UNREACHABLE_CODE = YES;
				CLANG_WARN__DUPLICATE_METHOD_MATCH = YES;
				"CODE_SIGN_IDENTITY[sdk=iphoneos*]" = "iPhone Developer";
				COPY_PHASE_STRIP = NO;
				DEBUG_INFORMATION_FORMAT = dwarf;
				ENABLE_STRICT_OBJC_MSGSEND = YES;
				ENABLE_TESTABILITY = YES;
				GCC_C_LANGUAGE_STANDARD = gnu99;
				GCC_DYNAMIC_NO_PIC = NO;
				GCC_NO_COMMON_BLOCKS = YES;
				GCC_OPTIMIZATION_LEVEL = 0;
				GCC_PREPROCESSOR_DEFINITIONS = (
					"DEBUG=1",
					"$(inherited)",
				);
				GCC_WARN_64_TO_32_BIT_CONVERSION = YES;
				GCC_WARN_ABOUT_RETURN_TYPE = YES_ERROR;
				GCC_WARN_UNDECLARED_SELECTOR = YES;
				GCC_WARN_UNINITIALIZED_AUTOS = YES_AGGRESSIVE;
				GCC_WARN_UNUSED_FUNCTION = YES;
				GCC_WARN_UNUSED_VARIABLE = YES;
				IPHONEOS_DEPLOYMENT_TARGET = 10.0;
				MTL_ENABLE_DEBUG_INFO = YES;
				ONLY_ACTIVE_ARCH = YES;
				SDKROOT = iphoneos;
				SWIFT_ACTIVE_COMPILATION_CONDITIONS = DEBUG;
				SWIFT_OPTIMIZATION_LEVEL = "-Onone";
			};
			name = Debug;
		};
		28D71AC81DACF12F0084B6E4 /* Release */ = {
			isa = XCBuildConfiguration;
			buildSettings = {
				ALWAYS_SEARCH_USER_PATHS = NO;
				CLANG_ANALYZER_NONNULL = YES;
				CLANG_CXX_LANGUAGE_STANDARD = "gnu++0x";
				CLANG_CXX_LIBRARY = "libc++";
				CLANG_ENABLE_MODULES = YES;
				CLANG_ENABLE_OBJC_ARC = YES;
				CLANG_WARN_BOOL_CONVERSION = YES;
				CLANG_WARN_CONSTANT_CONVERSION = YES;
				CLANG_WARN_DIRECT_OBJC_ISA_USAGE = YES_ERROR;
				CLANG_WARN_DOCUMENTATION_COMMENTS = YES;
				CLANG_WARN_EMPTY_BODY = YES;
				CLANG_WARN_ENUM_CONVERSION = YES;
				CLANG_WARN_INFINITE_RECURSION = YES;
				CLANG_WARN_INT_CONVERSION = YES;
				CLANG_WARN_OBJC_ROOT_CLASS = YES_ERROR;
				CLANG_WARN_SUSPICIOUS_MOVES = YES;
				CLANG_WARN_UNREACHABLE_CODE = YES;
				CLANG_WARN__DUPLICATE_METHOD_MATCH = YES;
				"CODE_SIGN_IDENTITY[sdk=iphoneos*]" = "iPhone Developer";
				COPY_PHASE_STRIP = NO;
				DEBUG_INFORMATION_FORMAT = "dwarf-with-dsym";
				ENABLE_NS_ASSERTIONS = NO;
				ENABLE_STRICT_OBJC_MSGSEND = YES;
				GCC_C_LANGUAGE_STANDARD = gnu99;
				GCC_NO_COMMON_BLOCKS = YES;
				GCC_WARN_64_TO_32_BIT_CONVERSION = YES;
				GCC_WARN_ABOUT_RETURN_TYPE = YES_ERROR;
				GCC_WARN_UNDECLARED_SELECTOR = YES;
				GCC_WARN_UNINITIALIZED_AUTOS = YES_AGGRESSIVE;
				GCC_WARN_UNUSED_FUNCTION = YES;
				GCC_WARN_UNUSED_VARIABLE = YES;
				IPHONEOS_DEPLOYMENT_TARGET = 10.0;
				MTL_ENABLE_DEBUG_INFO = NO;
				SDKROOT = iphoneos;
				SWIFT_OPTIMIZATION_LEVEL = "-Owholemodule";
				VALIDATE_PRODUCT = YES;
			};
			name = Release;
		};
		28D71ACA1DACF12F0084B6E4 /* Debug */ = {
			isa = XCBuildConfiguration;
			buildSettings = {
				ASSETCATALOG_COMPILER_APPICON_NAME = AppIcon;
				DEVELOPMENT_TEAM = 22E3QU5W9V;
				INFOPLIST_FILE = Halfway/Info.plist;
				LD_RUNPATH_SEARCH_PATHS = "$(inherited) @executable_path/Frameworks";
				PRODUCT_BUNDLE_IDENTIFIER = com.webloomsolutions.Halfway;
				PRODUCT_NAME = "$(TARGET_NAME)";
				SWIFT_VERSION = 3.0;
			};
			name = Debug;
		};
		28D71ACB1DACF12F0084B6E4 /* Release */ = {
			isa = XCBuildConfiguration;
			buildSettings = {
				ASSETCATALOG_COMPILER_APPICON_NAME = AppIcon;
				DEVELOPMENT_TEAM = 22E3QU5W9V;
				INFOPLIST_FILE = Halfway/Info.plist;
				LD_RUNPATH_SEARCH_PATHS = "$(inherited) @executable_path/Frameworks";
				PRODUCT_BUNDLE_IDENTIFIER = com.webloomsolutions.Halfway;
				PRODUCT_NAME = "$(TARGET_NAME)";
				SWIFT_VERSION = 3.0;
			};
			name = Release;
		};
		28D71ACD1DACF12F0084B6E4 /* Debug */ = {
			isa = XCBuildConfiguration;
			buildSettings = {
				ALWAYS_EMBED_SWIFT_STANDARD_LIBRARIES = YES;
				BUNDLE_LOADER = "$(TEST_HOST)";
				DEVELOPMENT_TEAM = 22E3QU5W9V;
				INFOPLIST_FILE = HalfwayTests/Info.plist;
				LD_RUNPATH_SEARCH_PATHS = "$(inherited) @executable_path/Frameworks @loader_path/Frameworks";
				PRODUCT_BUNDLE_IDENTIFIER = com.webloomsolutions.HalfwayTests;
				PRODUCT_NAME = "$(TARGET_NAME)";
				SWIFT_VERSION = 3.0;
				TEST_HOST = "$(BUILT_PRODUCTS_DIR)/Halfway.app/Halfway";
			};
			name = Debug;
		};
		28D71ACE1DACF12F0084B6E4 /* Release */ = {
			isa = XCBuildConfiguration;
			buildSettings = {
				ALWAYS_EMBED_SWIFT_STANDARD_LIBRARIES = YES;
				BUNDLE_LOADER = "$(TEST_HOST)";
				DEVELOPMENT_TEAM = 22E3QU5W9V;
				INFOPLIST_FILE = HalfwayTests/Info.plist;
				LD_RUNPATH_SEARCH_PATHS = "$(inherited) @executable_path/Frameworks @loader_path/Frameworks";
				PRODUCT_BUNDLE_IDENTIFIER = com.webloomsolutions.HalfwayTests;
				PRODUCT_NAME = "$(TARGET_NAME)";
				SWIFT_VERSION = 3.0;
				TEST_HOST = "$(BUILT_PRODUCTS_DIR)/Halfway.app/Halfway";
			};
			name = Release;
		};
		28D71AD01DACF12F0084B6E4 /* Debug */ = {
			isa = XCBuildConfiguration;
			buildSettings = {
				ALWAYS_EMBED_SWIFT_STANDARD_LIBRARIES = YES;
				DEVELOPMENT_TEAM = 22E3QU5W9V;
				INFOPLIST_FILE = HalfwayUITests/Info.plist;
				LD_RUNPATH_SEARCH_PATHS = "$(inherited) @executable_path/Frameworks @loader_path/Frameworks";
				PRODUCT_BUNDLE_IDENTIFIER = com.webloomsolutions.HalfwayUITests;
				PRODUCT_NAME = "$(TARGET_NAME)";
				SWIFT_VERSION = 3.0;
				TEST_TARGET_NAME = Halfway;
			};
			name = Debug;
		};
		28D71AD11DACF12F0084B6E4 /* Release */ = {
			isa = XCBuildConfiguration;
			buildSettings = {
				ALWAYS_EMBED_SWIFT_STANDARD_LIBRARIES = YES;
				DEVELOPMENT_TEAM = 22E3QU5W9V;
				INFOPLIST_FILE = HalfwayUITests/Info.plist;
				LD_RUNPATH_SEARCH_PATHS = "$(inherited) @executable_path/Frameworks @loader_path/Frameworks";
				PRODUCT_BUNDLE_IDENTIFIER = com.webloomsolutions.HalfwayUITests;
				PRODUCT_NAME = "$(TARGET_NAME)";
				SWIFT_VERSION = 3.0;
				TEST_TARGET_NAME = Halfway;
			};
			name = Release;
		};
/* End XCBuildConfiguration section */

/* Begin XCConfigurationList section */
		28D71A991DACF12D0084B6E4 /* Build configuration list for PBXProject "Halfway" */ = {
			isa = XCConfigurationList;
			buildConfigurations = (
				28D71AC71DACF12F0084B6E4 /* Debug */,
				28D71AC81DACF12F0084B6E4 /* Release */,
			);
			defaultConfigurationIsVisible = 0;
			defaultConfigurationName = Release;
		};
		28D71AC91DACF12F0084B6E4 /* Build configuration list for PBXNativeTarget "Halfway" */ = {
			isa = XCConfigurationList;
			buildConfigurations = (
				28D71ACA1DACF12F0084B6E4 /* Debug */,
				28D71ACB1DACF12F0084B6E4 /* Release */,
			);
			defaultConfigurationIsVisible = 0;
		};
		28D71ACC1DACF12F0084B6E4 /* Build configuration list for PBXNativeTarget "HalfwayTests" */ = {
			isa = XCConfigurationList;
			buildConfigurations = (
				28D71ACD1DACF12F0084B6E4 /* Debug */,
				28D71ACE1DACF12F0084B6E4 /* Release */,
			);
			defaultConfigurationIsVisible = 0;
		};
		28D71ACF1DACF12F0084B6E4 /* Build configuration list for PBXNativeTarget "HalfwayUITests" */ = {
			isa = XCConfigurationList;
			buildConfigurations = (
				28D71AD01DACF12F0084B6E4 /* Debug */,
				28D71AD11DACF12F0084B6E4 /* Release */,
			);
			defaultConfigurationIsVisible = 0;
		};
/* End XCConfigurationList section */

/* Begin XCVersionGroup section */
		28D71AA81DACF12F0084B6E4 /* Halfway.xcdatamodeld */ = {
			isa = XCVersionGroup;
			children = (
				28D71AA91DACF12F0084B6E4 /* Halfway.xcdatamodel */,
			);
			currentVersion = 28D71AA91DACF12F0084B6E4 /* Halfway.xcdatamodel */;
			path = Halfway.xcdatamodeld;
			sourceTree = "<group>";
			versionGroupType = wrapper.xcdatamodel;
		};
/* End XCVersionGroup section */
	};
	rootObject = 28D71A961DACF12D0084B6E4 /* Project object */;
}
